
Microsoft Visual Studio Solution File, Format Version 12.00
# Visual Studio Version 17
VisualStudioVersion = 17.4.33205.214
MinimumVisualStudioVersion = 10.0.40219.1
Project("{9A19103F-16F7-4668-BE54-9A1E7A4F7556}") = "EmpAuthApi", "EmpAuthApi.csproj", "{F6658188-87A1-43F6-A392-3FB2DC808691}"
EndProject
Global
	GlobalSection(SolutionConfigurationPlatforms) = preSolution
		Debug|Any CPU = Debug|Any CPU
		Release|Any CPU = Release|Any CPU
	EndGlobalSection
	GlobalSection(ProjectConfigurationPlatforms) = postSolution
		{F6658188-87A1-43F6-A392-3FB2DC808691}.Debug|Any CPU.ActiveCfg = Debug|Any CPU
		{F6658188-87A1-43F6-A392-3FB2DC808691}.Debug|Any CPU.Build.0 = Debug|Any CPU
		{F6658188-87A1-43F6-A392-3FB2DC808691}.Release|Any CPU.ActiveCfg = Release|Any CPU
		{F6658188-87A1-43F6-A392-3FB2DC808691}.Release|Any CPU.Build.0 = Release|Any CPU
	EndGlobalSection
	GlobalSection(SolutionProperties) = preSolution
		HideSolutionNode = FALSE
	EndGlobalSection
	GlobalSection(ExtensibilityGlobals) = postSolution
		SolutionGuid = {BA663F08-CDFF-4118-AFA9-5D34AF2DEC1F}
	EndGlobalSection
EndGlobal
